// !$*UTF8*$!
{
	archiveVersion = 1;
	classes = {
	};
	objectVersion = 56;
	objects = {

/* Begin PBXBuildFile section */
		C35428972B437CC700BF277B /* Examples.swift in Sources */ = {isa = PBXBuildFile; fileRef = C35428962B437CC700BF277B /* Examples.swift */; };
		C354289A2B43C53600BF277B /* StarShape.swift in Sources */ = {isa = PBXBuildFile; fileRef = C35428992B43C53600BF277B /* StarShape.swift */; };
		C378E9FA2B3C93B3003129B4 /* BlendModeApp.swift in Sources */ = {isa = PBXBuildFile; fileRef = C378E9F92B3C93B3003129B4 /* BlendModeApp.swift */; };
		C378E9FC2B3C93B3003129B4 /* ContentView.swift in Sources */ = {isa = PBXBuildFile; fileRef = C378E9FB2B3C93B3003129B4 /* ContentView.swift */; };
		C378E9FE2B3C93B4003129B4 /* Assets.xcassets in Resources */ = {isa = PBXBuildFile; fileRef = C378E9FD2B3C93B4003129B4 /* Assets.xcassets */; };
		C378EA022B3C93B4003129B4 /* Preview Assets.xcassets in Resources */ = {isa = PBXBuildFile; fileRef = C378EA012B3C93B4003129B4 /* Preview Assets.xcassets */; };
		C378EA092B3C94A7003129B4 /* BlendModeView.swift in Sources */ = {isa = PBXBuildFile; fileRef = C378EA082B3C94A7003129B4 /* BlendModeView.swift */; };
		C378EA0B2B3CD976003129B4 /* BlendModeList.swift in Sources */ = {isa = PBXBuildFile; fileRef = C378EA0A2B3CD976003129B4 /* BlendModeList.swift */; };
		C396D1662B44E2E9000596EA /* Gradient.swift in Sources */ = {isa = PBXBuildFile; fileRef = C396D1652B44E2E9000596EA /* Gradient.swift */; };
		C396D1692B44F422000596EA /* Extensions.swift in Sources */ = {isa = PBXBuildFile; fileRef = C396D1682B44F422000596EA /* Extensions.swift */; };
/* End PBXBuildFile section */

/* Begin PBXFileReference section */
		C35428962B437CC700BF277B /* Examples.swift */ = {isa = PBXFileReference; lastKnownFileType = sourcecode.swift; path = Examples.swift; sourceTree = "<group>"; };
		C35428992B43C53600BF277B /* StarShape.swift */ = {isa = PBXFileReference; lastKnownFileType = sourcecode.swift; path = StarShape.swift; sourceTree = "<group>"; };
		C378E9F62B3C93B3003129B4 /* BlendMode.app */ = {isa = PBXFileReference; explicitFileType = wrapper.application; includeInIndex = 0; path = BlendMode.app; sourceTree = BUILT_PRODUCTS_DIR; };
		C378E9F92B3C93B3003129B4 /* BlendModeApp.swift */ = {isa = PBXFileReference; lastKnownFileType = sourcecode.swift; path = BlendModeApp.swift; sourceTree = "<group>"; };
		C378E9FB2B3C93B3003129B4 /* ContentView.swift */ = {isa = PBXFileReference; lastKnownFileType = sourcecode.swift; path = ContentView.swift; sourceTree = "<group>"; };
		C378E9FD2B3C93B4003129B4 /* Assets.xcassets */ = {isa = PBXFileReference; lastKnownFileType = folder.assetcatalog; path = Assets.xcassets; sourceTree = "<group>"; };
		C378E9FF2B3C93B4003129B4 /* BlendMode.entitlements */ = {isa = PBXFileReference; lastKnownFileType = text.plist.entitlements; path = BlendMode.entitlements; sourceTree = "<group>"; };
		C378EA012B3C93B4003129B4 /* Preview Assets.xcassets */ = {isa = PBXFileReference; lastKnownFileType = folder.assetcatalog; path = "Preview Assets.xcassets"; sourceTree = "<group>"; };
		C378EA082B3C94A7003129B4 /* BlendModeView.swift */ = {isa = PBXFileReference; lastKnownFileType = sourcecode.swift; path = BlendModeView.swift; sourceTree = "<group>"; };
		C378EA0A2B3CD976003129B4 /* BlendModeList.swift */ = {isa = PBXFileReference; lastKnownFileType = sourcecode.swift; path = BlendModeList.swift; sourceTree = "<group>"; };
		C396D1652B44E2E9000596EA /* Gradient.swift */ = {isa = PBXFileReference; lastKnownFileType = sourcecode.swift; path = Gradient.swift; sourceTree = "<group>"; };
		C396D1682B44F422000596EA /* Extensions.swift */ = {isa = PBXFileReference; lastKnownFileType = sourcecode.swift; path = Extensions.swift; sourceTree = "<group>"; };
/* End PBXFileReference section */

/* Begin PBXFrameworksBuildPhase section */
		C378E9F32B3C93B3003129B4 /* Frameworks */ = {
			isa = PBXFrameworksBuildPhase;
			buildActionMask = 2147483647;
			files = (
			);
			runOnlyForDeploymentPostprocessing = 0;
		};
/* End PBXFrameworksBuildPhase section */

/* Begin PBXGroup section */
		C35428952B437C9C00BF277B /* Example */ = {
			isa = PBXGroup;
			children = (
				C35428962B437CC700BF277B /* Examples.swift */,
			);
			path = Example;
			sourceTree = "<group>";
		};
		C35428982B43C52800BF277B /* Helpers */ = {
			isa = PBXGroup;
			children = (
				C378E9FD2B3C93B4003129B4 /* Assets.xcassets */,
				C378E9F92B3C93B3003129B4 /* BlendModeApp.swift */,
				C378EA0A2B3CD976003129B4 /* BlendModeList.swift */,
				C35428992B43C53600BF277B /* StarShape.swift */,
				C396D1682B44F422000596EA /* Extensions.swift */,
			);
			path = Helpers;
			sourceTree = "<group>";
		};
		C378E9ED2B3C93B3003129B4 = {
			isa = PBXGroup;
			children = (
				C378E9F82B3C93B3003129B4 /* BlendMode */,
				C378E9F72B3C93B3003129B4 /* Products */,
			);
			sourceTree = "<group>";
		};
		C378E9F72B3C93B3003129B4 /* Products */ = {
			isa = PBXGroup;
			children = (
				C378E9F62B3C93B3003129B4 /* BlendMode.app */,
			);
			name = Products;
			sourceTree = "<group>";
		};
		C378E9F82B3C93B3003129B4 /* BlendMode */ = {
			isa = PBXGroup;
			children = (
				C378EA0C2B3CE4D2003129B4 /* Playground */,
				C35428952B437C9C00BF277B /* Example */,
				C396D1642B44E2CF000596EA /* Gradient */,
				C35428982B43C52800BF277B /* Helpers */,
				C378E9FB2B3C93B3003129B4 /* ContentView.swift */,
				C378E9FF2B3C93B4003129B4 /* BlendMode.entitlements */,
				C378EA002B3C93B4003129B4 /* Preview Content */,
			);
			path = BlendMode;
			sourceTree = "<group>";
		};
		C378EA002B3C93B4003129B4 /* Preview Content */ = {
			isa = PBXGroup;
			children = (
				C378EA012B3C93B4003129B4 /* Preview Assets.xcassets */,
			);
			path = "Preview Content";
			sourceTree = "<group>";
		};
		C378EA0C2B3CE4D2003129B4 /* Playground */ = {
			isa = PBXGroup;
			children = (
				C378EA082B3C94A7003129B4 /* BlendModeView.swift */,
			);
			path = Playground;
			sourceTree = "<group>";
		};
		C396D1642B44E2CF000596EA /* Gradient */ = {
			isa = PBXGroup;
			children = (
				C396D1652B44E2E9000596EA /* Gradient.swift */,
			);
			path = Gradient;
			sourceTree = "<group>";
		};
/* End PBXGroup section */

/* Begin PBXNativeTarget section */
		C378E9F52B3C93B3003129B4 /* BlendMode */ = {
			isa = PBXNativeTarget;
			buildConfigurationList = C378EA052B3C93B4003129B4 /* Build configuration list for PBXNativeTarget "BlendMode" */;
			buildPhases = (
				C378E9F22B3C93B3003129B4 /* Sources */,
				C378E9F32B3C93B3003129B4 /* Frameworks */,
				C378E9F42B3C93B3003129B4 /* Resources */,
			);
			buildRules = (
			);
			dependencies = (
			);
			name = BlendMode;
			productName = BlendMode;
			productReference = C378E9F62B3C93B3003129B4 /* BlendMode.app */;
			productType = "com.apple.product-type.application";
		};
/* End PBXNativeTarget section */

/* Begin PBXProject section */
		C378E9EE2B3C93B3003129B4 /* Project object */ = {
			isa = PBXProject;
			attributes = {
				BuildIndependentTargetsInParallel = 1;
				LastSwiftUpdateCheck = 1510;
				LastUpgradeCheck = 1510;
				TargetAttributes = {
					C378E9F52B3C93B3003129B4 = {
						CreatedOnToolsVersion = 15.1;
					};
				};
			};
			buildConfigurationList = C378E9F12B3C93B3003129B4 /* Build configuration list for PBXProject "BlendMode" */;
			compatibilityVersion = "Xcode 14.0";
			developmentRegion = en;
			hasScannedForEncodings = 0;
			knownRegions = (
				en,
				Base,
			);
			mainGroup = C378E9ED2B3C93B3003129B4;
			productRefGroup = C378E9F72B3C93B3003129B4 /* Products */;
			projectDirPath = "";
			projectRoot = "";
			targets = (
				C378E9F52B3C93B3003129B4 /* BlendMode */,
			);
		};
/* End PBXProject section */

/* Begin PBXResourcesBuildPhase section */
		C378E9F42B3C93B3003129B4 /* Resources */ = {
			isa = PBXResourcesBuildPhase;
			buildActionMask = 2147483647;
			files = (
				C378EA022B3C93B4003129B4 /* Preview Assets.xcassets in Resources */,
				C378E9FE2B3C93B4003129B4 /* Assets.xcassets in Resources */,
			);
			runOnlyForDeploymentPostprocessing = 0;
		};
/* End PBXResourcesBuildPhase section */

/* Begin PBXSourcesBuildPhase section */
		C378E9F22B3C93B3003129B4 /* Sources */ = {
			isa = PBXSourcesBuildPhase;
			buildActionMask = 2147483647;
			files = (
				C378EA0B2B3CD976003129B4 /* BlendModeList.swift in Sources */,
				C378EA092B3C94A7003129B4 /* BlendModeView.swift in Sources */,
				C378E9FC2B3C93B3003129B4 /* ContentView.swift in Sources */,
				C396D1692B44F422000596EA /* Extensions.swift in Sources */,
				C396D1662B44E2E9000596EA /* Gradient.swift in Sources */,
				C35428972B437CC700BF277B /* Examples.swift in Sources */,
				C378E9FA2B3C93B3003129B4 /* BlendModeApp.swift in Sources */,
				C354289A2B43C53600BF277B /* StarShape.swift in Sources */,
			);
			runOnlyForDeploymentPostprocessing = 0;
		};
/* End PBXSourcesBuildPhase section */

/* Begin XCBuildConfiguration section */
		C378EA032B3C93B4003129B4 /* Debug */ = {
			isa = XCBuildConfiguration;
			buildSettings = {
				ALWAYS_SEARCH_USER_PATHS = NO;
				ASSETCATALOG_COMPILER_GENERATE_SWIFT_ASSET_SYMBOL_EXTENSIONS = YES;
				CLANG_ANALYZER_NONNULL = YES;
				CLANG_ANALYZER_NUMBER_OBJECT_CONVERSION = YES_AGGRESSIVE;
				CLANG_CXX_LANGUAGE_STANDARD = "gnu++20";
				CLANG_ENABLE_MODULES = YES;
				CLANG_ENABLE_OBJC_ARC = YES;
				CLANG_ENABLE_OBJC_WEAK = YES;
				CLANG_WARN_BLOCK_CAPTURE_AUTORELEASING = YES;
				CLANG_WARN_BOOL_CONVERSION = YES;
				CLANG_WARN_COMMA = YES;
				CLANG_WARN_CONSTANT_CONVERSION = YES;
				CLANG_WARN_DEPRECATED_OBJC_IMPLEMENTATIONS = YES;
				CLANG_WARN_DIRECT_OBJC_ISA_USAGE = YES_ERROR;
				CLANG_WARN_DOCUMENTATION_COMMENTS = YES;
				CLANG_WARN_EMPTY_BODY = YES;
				CLANG_WARN_ENUM_CONVERSION = YES;
				CLANG_WARN_INFINITE_RECURSION = YES;
				CLANG_WARN_INT_CONVERSION = YES;
				CLANG_WARN_NON_LITERAL_NULL_CONVERSION = YES;
				CLANG_WARN_OBJC_IMPLICIT_RETAIN_SELF = YES;
				CLANG_WARN_OBJC_LITERAL_CONVERSION = YES;
				CLANG_WARN_OBJC_ROOT_CLASS = YES_ERROR;
				CLANG_WARN_QUOTED_INCLUDE_IN_FRAMEWORK_HEADER = YES;
				CLANG_WARN_RANGE_LOOP_ANALYSIS = YES;
				CLANG_WARN_STRICT_PROTOTYPES = YES;
				CLANG_WARN_SUSPICIOUS_MOVE = YES;
				CLANG_WARN_UNGUARDED_AVAILABILITY = YES_AGGRESSIVE;
				CLANG_WARN_UNREACHABLE_CODE = YES;
				CLANG_WARN__DUPLICATE_METHOD_MATCH = YES;
				COPY_PHASE_STRIP = NO;
				DEBUG_INFORMATION_FORMAT = dwarf;
				ENABLE_STRICT_OBJC_MSGSEND = YES;
				ENABLE_TESTABILITY = YES;
				ENABLE_USER_SCRIPT_SANDBOXING = YES;
				GCC_C_LANGUAGE_STANDARD = gnu17;
				GCC_DYNAMIC_NO_PIC = NO;
				GCC_NO_COMMON_BLOCKS = YES;
				GCC_OPTIMIZATION_LEVEL = 0;
				GCC_PREPROCESSOR_DEFINITIONS = (
					"DEBUG=1",
					"$(inherited)",
				);
				GCC_WARN_64_TO_32_BIT_CONVERSION = YES;
				GCC_WARN_ABOUT_RETURN_TYPE = YES_ERROR;
				GCC_WARN_UNDECLARED_SELECTOR = YES;
				GCC_WARN_UNINITIALIZED_AUTOS = YES_AGGRESSIVE;
				GCC_WARN_UNUSED_FUNCTION = YES;
				GCC_WARN_UNUSED_VARIABLE = YES;
				LOCALIZATION_PREFERS_STRING_CATALOGS = YES;
				MTL_ENABLE_DEBUG_INFO = INCLUDE_SOURCE;
				MTL_FAST_MATH = YES;
				ONLY_ACTIVE_ARCH = YES;
				SWIFT_ACTIVE_COMPILATION_CONDITIONS = "DEBUG $(inherited)";
				SWIFT_OPTIMIZATION_LEVEL = "-Onone";
			};
			name = Debug;
		};
		C378EA042B3C93B4003129B4 /* Release */ = {
			isa = XCBuildConfiguration;
			buildSettings = {
				ALWAYS_SEARCH_USER_PATHS = NO;
				ASSETCATALOG_COMPILER_GENERATE_SWIFT_ASSET_SYMBOL_EXTENSIONS = YES;
				CLANG_ANALYZER_NONNULL = YES;
				CLANG_ANALYZER_NUMBER_OBJECT_CONVERSION = YES_AGGRESSIVE;
				CLANG_CXX_LANGUAGE_STANDARD = "gnu++20";
				CLANG_ENABLE_MODULES = YES;
				CLANG_ENABLE_OBJC_ARC = YES;
				CLANG_ENABLE_OBJC_WEAK = YES;
				CLANG_WARN_BLOCK_CAPTURE_AUTORELEASING = YES;
				CLANG_WARN_BOOL_CONVERSION = YES;
				CLANG_WARN_COMMA = YES;
				CLANG_WARN_CONSTANT_CONVERSION = YES;
				CLANG_WARN_DEPRECATED_OBJC_IMPLEMENTATIONS = YES;
				CLANG_WARN_DIRECT_OBJC_ISA_USAGE = YES_ERROR;
				CLANG_WARN_DOCUMENTATION_COMMENTS = YES;
				CLANG_WARN_EMPTY_BODY = YES;
				CLANG_WARN_ENUM_CONVERSION = YES;
				CLANG_WARN_INFINITE_RECURSION = YES;
				CLANG_WARN_INT_CONVERSION = YES;
				CLANG_WARN_NON_LITERAL_NULL_CONVERSION = YES;
				CLANG_WARN_OBJC_IMPLICIT_RETAIN_SELF = YES;
				CLANG_WARN_OBJC_LITERAL_CONVERSION = YES;
				CLANG_WARN_OBJC_ROOT_CLASS = YES_ERROR;
				CLANG_WARN_QUOTED_INCLUDE_IN_FRAMEWORK_HEADER = YES;
				CLANG_WARN_RANGE_LOOP_ANALYSIS = YES;
				CLANG_WARN_STRICT_PROTOTYPES = YES;
				CLANG_WARN_SUSPICIOUS_MOVE = YES;
				CLANG_WARN_UNGUARDED_AVAILABILITY = YES_AGGRESSIVE;
				CLANG_WARN_UNREACHABLE_CODE = YES;
				CLANG_WARN__DUPLICATE_METHOD_MATCH = YES;
				COPY_PHASE_STRIP = NO;
				DEBUG_INFORMATION_FORMAT = "dwarf-with-dsym";
				ENABLE_NS_ASSERTIONS = NO;
				ENABLE_STRICT_OBJC_MSGSEND = YES;
				ENABLE_USER_SCRIPT_SANDBOXING = YES;
				GCC_C_LANGUAGE_STANDARD = gnu17;
				GCC_NO_COMMON_BLOCKS = YES;
				GCC_WARN_64_TO_32_BIT_CONVERSION = YES;
				GCC_WARN_ABOUT_RETURN_TYPE = YES_ERROR;
				GCC_WARN_UNDECLARED_SELECTOR = YES;
				GCC_WARN_UNINITIALIZED_AUTOS = YES_AGGRESSIVE;
				GCC_WARN_UNUSED_FUNCTION = YES;
				GCC_WARN_UNUSED_VARIABLE = YES;
				LOCALIZATION_PREFERS_STRING_CATALOGS = YES;
				MTL_ENABLE_DEBUG_INFO = NO;
				MTL_FAST_MATH = YES;
				SWIFT_COMPILATION_MODE = wholemodule;
			};
			name = Release;
		};
		C378EA062B3C93B4003129B4 /* Debug */ = {
			isa = XCBuildConfiguration;
			buildSettings = {
				ASSETCATALOG_COMPILER_APPICON_NAME = AppIcon;
				ASSETCATALOG_COMPILER_GLOBAL_ACCENT_COLOR_NAME = AccentColor;
				CODE_SIGN_ENTITLEMENTS = BlendMode/BlendMode.entitlements;
				CODE_SIGN_STYLE = Automatic;
				CURRENT_PROJECT_VERSION = 1;
				DEVELOPMENT_ASSET_PATHS = "\"BlendMode/Preview Content\"";
				ENABLE_PREVIEWS = YES;
				GENERATE_INFOPLIST_FILE = YES;
				"INFOPLIST_KEY_UIApplicationSceneManifest_Generation[sdk=iphoneos*]" = YES;
				"INFOPLIST_KEY_UIApplicationSceneManifest_Generation[sdk=iphonesimulator*]" = YES;
				"INFOPLIST_KEY_UIApplicationSupportsIndirectInputEvents[sdk=iphoneos*]" = YES;
				"INFOPLIST_KEY_UIApplicationSupportsIndirectInputEvents[sdk=iphonesimulator*]" = YES;
				"INFOPLIST_KEY_UILaunchScreen_Generation[sdk=iphoneos*]" = YES;
				"INFOPLIST_KEY_UILaunchScreen_Generation[sdk=iphonesimulator*]" = YES;
				"INFOPLIST_KEY_UIStatusBarStyle[sdk=iphoneos*]" = UIStatusBarStyleDefault;
				"INFOPLIST_KEY_UIStatusBarStyle[sdk=iphonesimulator*]" = UIStatusBarStyleDefault;
				INFOPLIST_KEY_UISupportedInterfaceOrientations_iPad = "UIInterfaceOrientationPortrait UIInterfaceOrientationPortraitUpsideDown UIInterfaceOrientationLandscapeLeft UIInterfaceOrientationLandscapeRight";
				INFOPLIST_KEY_UISupportedInterfaceOrientations_iPhone = "UIInterfaceOrientationPortrait UIInterfaceOrientationLandscapeLeft UIInterfaceOrientationLandscapeRight";
				IPHONEOS_DEPLOYMENT_TARGET = 17.2;
				LD_RUNPATH_SEARCH_PATHS = "@executable_path/Frameworks";
				"LD_RUNPATH_SEARCH_PATHS[sdk=macosx*]" = "@executable_path/../Frameworks";
				MACOSX_DEPLOYMENT_TARGET = 13.5;
				MARKETING_VERSION = 1.0;
				PRODUCT_BUNDLE_IDENTIFIER = com.gabriel.BlendMode;
				PRODUCT_NAME = "$(TARGET_NAME)";
				SDKROOT = auto;
				SUPPORTED_PLATFORMS = "iphoneos iphonesimulator macosx";
				SWIFT_EMIT_LOC_STRINGS = YES;
				SWIFT_VERSION = 5.0;
				TARGETED_DEVICE_FAMILY = "1,2";
			};
			name = Debug;
		};
		C378EA072B3C93B4003129B4 /* Release */ = {
			isa = XCBuildConfiguration;
			buildSettings = {
				ASSETCATALOG_COMPILER_APPICON_NAME = AppIcon;
				ASSETCATALOG_COMPILER_GLOBAL_ACCENT_COLOR_NAME = AccentColor;
				CODE_SIGN_ENTITLEMENTS = BlendMode/BlendMode.entitlements;
				CODE_SIGN_STYLE = Automatic;
				CURRENT_PROJECT_VERSION = 1;
				DEVELOPMENT_ASSET_PATHS = "\"BlendMode/Preview Content\"";
				ENABLE_PREVIEWS = YES;
				GENERATE_INFOPLIST_FILE = YES;
				"INFOPLIST_KEY_UIApplicationSceneManifest_Generation[sdk=iphoneos*]" = YES;
				"INFOPLIST_KEY_UIApplicationSceneManifest_Generation[sdk=iphonesimulator*]" = YES;
				"INFOPLIST_KEY_UIApplicationSupportsIndirectInputEvents[sdk=iphoneos*]" = YES;
				"INFOPLIST_KEY_UIApplicationSupportsIndirectInputEvents[sdk=iphonesimulator*]" = YES;
				"INFOPLIST_KEY_UILaunchScreen_Generation[sdk=iphoneos*]" = YES;
				"INFOPLIST_KEY_UILaunchScreen_Generation[sdk=iphonesimulator*]" = YES;
				"INFOPLIST_KEY_UIStatusBarStyle[sdk=iphoneos*]" = UIStatusBarStyleDefault;
				"INFOPLIST_KEY_UIStatusBarStyle[sdk=iphonesimulator*]" = UIStatusBarStyleDefault;
				INFOPLIST_KEY_UISupportedInterfaceOrientations_iPad = "UIInterfaceOrientationPortrait UIInterfaceOrientationPortraitUpsideDown UIInterfaceOrientationLandscapeLeft UIInterfaceOrientationLandscapeRight";
				INFOPLIST_KEY_UISupportedInterfaceOrientations_iPhone = "UIInterfaceOrientationPortrait UIInterfaceOrientationLandscapeLeft UIInterfaceOrientationLandscapeRight";
				IPHONEOS_DEPLOYMENT_TARGET = 17.2;
				LD_RUNPATH_SEARCH_PATHS = "@executable_path/Frameworks";
				"LD_RUNPATH_SEARCH_PATHS[sdk=macosx*]" = "@executable_path/../Frameworks";
				MACOSX_DEPLOYMENT_TARGET = 13.5;
				MARKETING_VERSION = 1.0;
				PRODUCT_BUNDLE_IDENTIFIER = com.gabriel.BlendMode;
				PRODUCT_NAME = "$(TARGET_NAME)";
				SDKROOT = auto;
				SUPPORTED_PLATFORMS = "iphoneos iphonesimulator macosx";
				SWIFT_EMIT_LOC_STRINGS = YES;
				SWIFT_VERSION = 5.0;
				TARGETED_DEVICE_FAMILY = "1,2";
			};
			name = Release;
		};
/* End XCBuildConfiguration section */

/* Begin XCConfigurationList section */
		C378E9F12B3C93B3003129B4 /* Build configuration list for PBXProject "BlendMode" */ = {
			isa = XCConfigurationList;
			buildConfigurations = (
				C378EA032B3C93B4003129B4 /* Debug */,
				C378EA042B3C93B4003129B4 /* Release */,
			);
			defaultConfigurationIsVisible = 0;
			defaultConfigurationName = Release;
		};
		C378EA052B3C93B4003129B4 /* Build configuration list for PBXNativeTarget "BlendMode" */ = {
			isa = XCConfigurationList;
			buildConfigurations = (
				C378EA062B3C93B4003129B4 /* Debug */,
				C378EA072B3C93B4003129B4 /* Release */,
			);
			defaultConfigurationIsVisible = 0;
			defaultConfigurationName = Release;
		};
/* End XCConfigurationList section */
	};
	rootObject = C378E9EE2B3C93B3003129B4 /* Project object */;
}
